{
  "name": "storybook",
  "version": "0.2.0",
  "lockfileVersion": 3,
  "requires": true,
  "packages": {
    "": {
      "name": "storybook",
      "version": "0.2.0",
      "dependencies": {
        "react": "^19",
        "react-dom": "^19"
      },
      "devDependencies": {
        "@chromatic-com/storybook": "3.2.5",
        "@storybook/addon-actions": "^8.6.4",
        "@storybook/addon-essentials": "8.6.4",
        "@storybook/addon-interactions": "8.6.4",
        "@storybook/addon-links": "^8.6.4",
        "@storybook/blocks": "8.6.4",
        "@storybook/core-common": "8.6.4",
        "@storybook/manager-api": "8.6.4",
        "@storybook/preview-api": "^8.3.3",
        "@storybook/react": "^8.6.4",
        "@storybook/react-vite": "8.6.4",
        "@storybook/theming": "8.6.4",
        "@types/node": "^20",
        "@types/react": "^19",
        "@types/react-dom": "^19",
        "@vitejs/plugin-react-swc": "^3.8.0",
        "chromatic": "^11.27.0",
        "postcss": "^8",
        "storybook": "0.2.0",
        "typescript": "^5",
        "vite": "^6.2.1"
      }
    },
    "../../node_modules/.pnpm/@chromatic-com+storybook@3.2.5_react@19.0.0_storybook@0.2.0/node_modules/@chromatic-com/storybook": {
      "version": "3.2.5",
      "dev": true,
      "license": "MIT",
      "dependencies": {
        "chromatic": "^11.15.0",
        "filesize": "^10.0.12",
        "jsonfile": "^6.1.0",
        "react-confetti": "^6.1.0",
        "strip-ansi": "^7.1.0"
      },
      "devDependencies": {
        "@auto-it/slack": "^11.2.1",
        "@emotion/weak-memoize": "^0.3.1",
        "@graphql-codegen/cli": "^5.0.3",
        "@graphql-typed-document-node/core": "^3.2.0",
        "@parcel/watcher": "^2.4.1",
        "@storybook/addon-actions": "^8.4.0-beta.5",
        "@storybook/addon-designs": "^8.0.0",
        "@storybook/addon-essentials": "^8.4.0-beta.5",
        "@storybook/addon-interactions": "^8.4.0-beta.5",
        "@storybook/addon-mdx-gfm": "^8.4.0-beta.5",
        "@storybook/blocks": "^8.4.0-beta.5",
        "@storybook/channels": "^8.4.0-beta.5",
        "@storybook/client-logger": "^8.4.0-beta.5",
        "@storybook/components": "^8.4.0-beta.5",
        "@storybook/core-events": "^8.4.0-beta.5",
        "@storybook/eslint-config-storybook": "^3.1.2",
        "@storybook/icons": "^1.2.8",
        "@storybook/manager": "^8.4.0-beta.5",
        "@storybook/manager-api": "^8.4.0-beta.5",
        "@storybook/preview": "^8.4.0-beta.5",
        "@storybook/react": "^8.4.0-beta.5",
        "@storybook/react-vite": "^8.4.0-beta.5",
        "@storybook/telemetry": "^8.4.0-beta.5",
        "@storybook/test": "^8.4.0-beta.5",
        "@storybook/testing-library": "^0.2.2",
        "@storybook/theming": "^8.4.0-beta.5",
        "@storybook/types": "^8.4.0-beta.5",
        "@types/jsonfile": "^6.1.1",
        "@types/node": "^18.15.0",
        "@types/pluralize": "^0.0.29",
        "@types/react": "^18.3.11",
        "@types/react-dom": "^18.3.0",
        "@typescript-eslint/eslint-plugin": "^5.59.11",
        "@typescript-eslint/parser": "^5.59.11",
        "@urql/exchange-auth": "^2.1.6",
        "@vitejs/plugin-react": "^3.1.0",
        "@vitest/coverage-v8": "^2.1.8",
        "auto": "^11.0.5",
        "boxen": "^5.0.1",
        "date-fns": "^2.30.0",
        "dedent": "^0.7.0",
        "eslint": "^8.42.0",
        "eslint-plugin-jest": "^27.2.1",
        "eslint-plugin-simple-import-sort": "^10.0.0",
        "eslint-plugin-storybook": "^0.6.15",
        "graphql": "^16.8.1",
        "msw": "^2.0.0",
        "msw-storybook-addon": "2.0.0--canary.122.b3ed3b1.0",
        "npm-run-all": "^4.1.5",
        "pluralize": "^8.0.0",
        "polished": "^4.2.2",
        "prettier": "^2.8.8",
        "prompts": "^2.4.2",
        "prop-types": "^15.8.1",
        "react": "^18.3.1",
        "react-dom": "^18.3.1",
        "react-joyride": "^2.7.2",
        "rimraf": "^3.0.2",
        "storybook": "^8.4.0-beta.5",
        "ts-dedent": "^2.2.0",
        "tsup": "^6.6.3",
        "typescript": "^4.9.5",
        "urql": "^4.0.3",
        "uuid": "^9.0.0",
        "vite": "^4.1.4",
        "vite-plugin-environment": "^1.1.3",
        "vite-plugin-turbosnap": "^1.0.3",
        "vitest": "^2.1.8",
        "zod": "^3.22.2",
        "zx": "^1.14.1"
      },
      "engines": {
        "node": ">=16.0.0",
        "yarn": ">=1.22.18"
      },
      "peerDependencies": {
        "storybook": "^8.2.0 || ^8.3.0-0 || ^8.4.0-0 || ^8.5.0-0 || ^8.6.0-0"
      }
    },
    "../../node_modules/.pnpm/@storybook+addon-actions@8.6.4_storybook@0.2.0/node_modules/@storybook/addon-actions": {
      "version": "8.6.4",
      "dev": true,
      "license": "MIT",
      "dependencies": {
        "@storybook/global": "^5.0.0",
        "@types/uuid": "^9.0.1",
        "dequal": "^2.0.2",
        "polished": "^4.2.2",
        "uuid": "^9.0.0"
      },
      "devDependencies": {
        "@storybook/test": "8.6.4",
        "react": "^18.2.0",
        "react-dom": "^18.2.0",
        "react-inspector": "^6.0.0",
        "telejson": "^7.2.0",
        "typescript": "^5.7.3"
      },
      "funding": {
        "type": "opencollective",
        "url": "https://opencollective.com/storybook"
      },
      "peerDependencies": {
        "storybook": "^8.6.4"
      }
    },
    "../../node_modules/.pnpm/@storybook+addon-essentials@8.6.4_@types+react@19.0.10_storybook@0.2.0/node_modules/@storybook/addon-essentials": {
      "version": "8.6.4",
      "dev": true,
      "license": "MIT",
      "dependencies": {
        "@storybook/addon-actions": "8.6.4",
        "@storybook/addon-backgrounds": "8.6.4",
        "@storybook/addon-controls": "8.6.4",
        "@storybook/addon-docs": "8.6.4",
        "@storybook/addon-highlight": "8.6.4",
        "@storybook/addon-measure": "8.6.4",
        "@storybook/addon-outline": "8.6.4",
        "@storybook/addon-toolbars": "8.6.4",
        "@storybook/addon-viewport": "8.6.4",
        "ts-dedent": "^2.0.0"
      },
      "devDependencies": {
        "typescript": "^5.7.3"
      },
      "funding": {
        "type": "opencollective",
        "url": "https://opencollective.com/storybook"
      },
      "peerDependencies": {
        "storybook": "^8.6.4"
      }
    },
    "../../node_modules/.pnpm/@storybook+addon-interactions@8.6.4_storybook@0.2.0/node_modules/@storybook/addon-interactions": {
      "version": "8.6.4",
      "dev": true,
      "license": "MIT",
      "dependencies": {
        "@storybook/global": "^5.0.0",
        "@storybook/instrumenter": "8.6.4",
        "@storybook/test": "8.6.4",
        "polished": "^4.2.2",
        "ts-dedent": "^2.2.0"
      },
      "devDependencies": {
        "@devtools-ds/object-inspector": "^1.1.2",
        "@storybook/icons": "^1.2.5",
        "@types/node": "^22.0.0",
        "ansi-to-html": "^0.7.2",
        "formik": "^2.2.9",
        "react": "^18.2.0",
        "react-dom": "^18.2.0",
        "typescript": "^5.7.3"
      },
      "funding": {
        "type": "opencollective",
        "url": "https://opencollective.com/storybook"
      },
      "peerDependencies": {
        "storybook": "^8.6.4"
      }
    },
    "../../node_modules/.pnpm/@storybook+addon-links@8.6.4_react@19.0.0_storybook@0.2.0/node_modules/@storybook/addon-links": {
      "version": "8.6.4",
      "dev": true,
      "license": "MIT",
      "dependencies": {
        "@storybook/global": "^5.0.0",
        "ts-dedent": "^2.0.0"
      },
      "devDependencies": {
        "typescript": "^5.7.3"
      },
      "funding": {
        "type": "opencollective",
        "url": "https://opencollective.com/storybook"
      },
      "peerDependencies": {
        "react": "^16.8.0 || ^17.0.0 || ^18.0.0 || ^19.0.0-beta",
        "storybook": "^8.6.4"
      },
      "peerDependenciesMeta": {
        "react": {
          "optional": true
        }
      }
    },
    "../../node_modules/.pnpm/@storybook+blocks@8.6.4_react-dom@19.0.0_react@19.0.0__react@19.0.0_storybook@0.2.0/node_modules/@storybook/blocks": {
      "version": "8.6.4",
      "dev": true,
      "license": "MIT",
      "dependencies": {
        "@storybook/icons": "^1.2.12",
        "ts-dedent": "^2.0.0"
      },
      "devDependencies": {
        "@storybook/addon-actions": "8.6.4",
        "@storybook/react": "8.6.4",
        "@storybook/test": "8.6.4",
        "@types/color-convert": "^2.0.0",
        "color-convert": "^2.0.1",
        "es-toolkit": "^1.22.0",
        "github-slugger": "^2.0.0",
        "markdown-to-jsx": "^7.7.2",
        "memoizerific": "^1.11.3",
        "polished": "^4.2.2",
        "react-colorful": "^5.1.2",
        "telejson": "^7.2.0",
        "tocbot": "^4.20.1"
      },
      "funding": {
        "type": "opencollective",
        "url": "https://opencollective.com/storybook"
      },
      "peerDependencies": {
        "react": "^16.8.0 || ^17.0.0 || ^18.0.0 || ^19.0.0",
        "react-dom": "^16.8.0 || ^17.0.0 || ^18.0.0 || ^19.0.0",
        "storybook": "^8.6.4"
      },
      "peerDependenciesMeta": {
        "react": {
          "optional": true
        },
        "react-dom": {
          "optional": true
        }
      }
    },
    "../../node_modules/.pnpm/@storybook+core-common@8.6.4_storybook@0.2.0/node_modules/@storybook/core-common": {
      "version": "8.6.4",
      "dev": true,
      "license": "MIT",
      "funding": {
        "type": "opencollective",
        "url": "https://opencollective.com/storybook"
      },
      "peerDependencies": {
        "storybook": "^8.2.0 || ^8.3.0-0 || ^8.4.0-0 || ^8.5.0-0 || ^8.6.0-0"
      }
    },
    "../../node_modules/.pnpm/@storybook+manager-api@8.6.4_storybook@0.2.0/node_modules/@storybook/manager-api": {
      "version": "8.6.4",
      "dev": true,
      "license": "MIT",
      "funding": {
        "type": "opencollective",
        "url": "https://opencollective.com/storybook"
      },
      "peerDependencies": {
        "storybook": "^8.2.0 || ^8.3.0-0 || ^8.4.0-0 || ^8.5.0-0 || ^8.6.0-0"
      }
    },
    "../../node_modules/.pnpm/@storybook+preview-api@8.6.4_storybook@0.2.0/node_modules/@storybook/preview-api": {
      "version": "8.6.4",
      "dev": true,
      "license": "MIT",
      "funding": {
        "type": "opencollective",
        "url": "https://opencollective.com/storybook"
      },
      "peerDependencies": {
        "storybook": "^8.2.0 || ^8.3.0-0 || ^8.4.0-0 || ^8.5.0-0 || ^8.6.0-0"
      }
    },
    "../../node_modules/.pnpm/@storybook+react-vite@8.6.4_@storybook+test@8.6.4_storybook@0.2.0__react-dom@19.0.0_react@19._refgrbecaczdsoxafzqoewfpdq/node_modules/@storybook/react-vite": {
      "version": "8.6.4",
      "dev": true,
      "license": "MIT",
      "dependencies": {
        "@joshwooding/vite-plugin-react-docgen-typescript": "0.5.0",
        "@rollup/pluginutils": "^5.0.2",
        "@storybook/builder-vite": "8.6.4",
        "@storybook/react": "8.6.4",
        "find-up": "^5.0.0",
        "magic-string": "^0.30.0",
        "react-docgen": "^7.0.0",
        "resolve": "^1.22.8",
        "tsconfig-paths": "^4.2.0"
      },
      "devDependencies": {
        "@types/node": "^22.0.0",
        "typescript": "^5.7.3",
        "vite": "^4.0.0"
      },
      "engines": {
        "node": ">=18.0.0"
      },
      "funding": {
        "type": "opencollective",
        "url": "https://opencollective.com/storybook"
      },
      "peerDependencies": {
        "@storybook/test": "8.6.4",
        "react": "^16.8.0 || ^17.0.0 || ^18.0.0 || ^19.0.0-beta",
        "react-dom": "^16.8.0 || ^17.0.0 || ^18.0.0 || ^19.0.0-beta",
        "storybook": "^8.6.4",
        "vite": "^4.0.0 || ^5.0.0 || ^6.0.0"
      },
      "peerDependenciesMeta": {
        "@storybook/test": {
          "optional": true
        }
      }
    },
    "../../node_modules/.pnpm/@storybook+react@8.6.4_@storybook+test@8.6.4_storybook@0.2.0__react-dom@19.0.0_react@19.0.0___dg7vlklvaftpo55gwf64kts5di/node_modules/@storybook/react": {
      "version": "8.6.4",
      "dev": true,
      "license": "MIT",
      "dependencies": {
        "@storybook/components": "8.6.4",
        "@storybook/global": "^5.0.0",
        "@storybook/manager-api": "8.6.4",
        "@storybook/preview-api": "8.6.4",
        "@storybook/react-dom-shim": "8.6.4",
        "@storybook/theming": "8.6.4"
      },
      "devDependencies": {
        "@storybook/test": "8.6.4",
        "@types/babel-plugin-react-docgen": "^4",
        "@types/escodegen": "^0.0.6",
        "@types/estree": "^0.0.51",
        "@types/node": "^22.0.0",
        "@types/semver": "^7.3.4",
        "acorn": "^7.4.1",
        "acorn-jsx": "^5.3.1",
        "acorn-walk": "^7.2.0",
        "babel-plugin-react-docgen": "^4.2.1",
        "es-toolkit": "^1.22.0",
        "escodegen": "^2.1.0",
        "expect-type": "^0.15.0",
        "html-tags": "^3.1.0",
        "prop-types": "^15.7.2",
        "react-element-to-jsx-string": "^15.0.0",
        "require-from-string": "^2.0.2",
        "semver": "^7.3.7",
        "ts-dedent": "^2.0.0",
        "type-fest": "~2.19"
      },
      "engines": {
        "node": ">=18.0.0"
      },
      "funding": {
        "type": "opencollective",
        "url": "https://opencollective.com/storybook"
      },
      "peerDependencies": {
        "@storybook/test": "8.6.4",
        "react": "^16.8.0 || ^17.0.0 || ^18.0.0 || ^19.0.0-beta",
        "react-dom": "^16.8.0 || ^17.0.0 || ^18.0.0 || ^19.0.0-beta",
        "storybook": "^8.6.4",
        "typescript": ">= 4.2.x"
      },
      "peerDependenciesMeta": {
        "@storybook/test": {
          "optional": true
        },
        "typescript": {
          "optional": true
        }
      }
    },
    "../../node_modules/.pnpm/@storybook+theming@8.6.4_storybook@0.2.0/node_modules/@storybook/theming": {
      "version": "8.6.4",
      "dev": true,
      "license": "MIT",
      "funding": {
        "type": "opencollective",
        "url": "https://opencollective.com/storybook"
      },
      "peerDependencies": {
        "storybook": "^8.2.0 || ^8.3.0-0 || ^8.4.0-0 || ^8.5.0-0 || ^8.6.0-0"
      }
    },
    "../../node_modules/.pnpm/@types+node@20.17.24/node_modules/@types/node": {
      "version": "20.17.24",
      "dev": true,
      "license": "MIT",
      "dependencies": {
        "undici-types": "~6.19.2"
      }
    },
    "../../node_modules/.pnpm/@types+react-dom@19.0.4_@types+react@19.0.10/node_modules/@types/react-dom": {
      "version": "19.0.4",
      "dev": true,
      "license": "MIT",
      "peerDependencies": {
        "@types/react": "^19.0.0"
      }
    },
    "../../node_modules/.pnpm/@types+react@19.0.10/node_modules/@types/react": {
      "version": "19.0.10",
      "dev": true,
      "license": "MIT",
      "dependencies": {
        "csstype": "^3.0.2"
      }
    },
    "../../node_modules/.pnpm/@vitejs+plugin-react-swc@3.8.0_@swc+helpers@0.5.15_vite@6.2.1_@types+node@20.17.24_yaml@2.7.0_/node_modules/@vitejs/plugin-react-swc": {
      "version": "3.8.0",
      "dev": true,
      "license": "MIT",
      "dependencies": {
        "@swc/core": "^1.10.15"
      },
      "peerDependencies": {
        "vite": "^4 || ^5 || ^6"
      }
    },
    "../../node_modules/.pnpm/chromatic@11.27.0/node_modules/chromatic": {
      "version": "11.27.0",
      "dev": true,
      "license": "MIT",
      "bin": {
        "chroma": "dist/bin.js",
        "chromatic": "dist/bin.js",
        "chromatic-cli": "dist/bin.js"
      },
      "devDependencies": {
        "@actions/core": "^1.10.0",
        "@actions/github": "^5.0.0",
        "@antfu/ni": "^0.21.5",
        "@auto-it/slack": "^11.1.6",
        "@discoveryjs/json-ext": "^0.5.7",
        "@eslint-community/eslint-plugin-eslint-comments": "^4.3.0",
        "@sentry/cli": "^2.37.0",
        "@sentry/node": "^8.30.0",
        "@snyk/dep-graph": "^2.9.0",
        "@storybook/addon-essentials": "^8.1.5",
        "@storybook/addon-webpack5-compiler-swc": "^1.0.3",
        "@storybook/csf-tools": "^8.1.5",
        "@storybook/linter-config": "^4.0.0",
        "@storybook/react": "^8.1.5",
        "@storybook/react-webpack5": "^8.1.5",
        "@tsconfig/node16": "^16.1.1",
        "@types/archiver": "^5.3.1",
        "@types/async-retry": "^1.4.3",
        "@types/cross-spawn": "^6.0.2",
        "@types/fs-extra": "^9.0.13",
        "@types/jsonfile": "^6.0.1",
        "@types/listr": "^0.14.4",
        "@types/node": "18.x",
        "@types/picomatch": "^2.3.0",
        "@types/progress-stream": "^2.0.2",
        "@types/prompts": "^2.4.9",
        "@types/semver": "^7.3.9",
        "@types/webpack-env": "^1.18.5",
        "@typescript-eslint/eslint-plugin": "^6.8.0",
        "@typescript-eslint/parser": "^6.8.0",
        "@vitest/coverage-v8": "^2.0.5",
        "ansi-html": "0.0.9",
        "any-observable": "^0.5.1",
        "archiver": "^5.3.0",
        "async-retry": "^1.3.3",
        "auto": "^11.0.5",
        "boxen": "^7.1.1",
        "chalk": "^4.1.2",
        "clean-package": "^2.2.0",
        "cpy": "^8.1.2",
        "cross-env": "^7.0.3",
        "cross-spawn": "^7.0.2",
        "debug": "^4.3.2",
        "dotenv": "^16.4.5",
        "env-ci": "^11.1.0",
        "eslint": "^9.10.0",
        "eslint-config-prettier": "^9.0.0",
        "eslint-plugin-import": "^2.28.1",
        "eslint-plugin-jsdoc": "^48.2.6",
        "eslint-plugin-json": "^3.1.0",
        "eslint-plugin-no-secrets": "^1.0.2",
        "eslint-plugin-react": "^7.33.2",
        "eslint-plugin-security": "^3.0.0",
        "eslint-plugin-simple-import-sort": "^12.1.0",
        "eslint-plugin-sort-class-members": "^1.20.0",
        "eslint-plugin-unicorn": "^53.0.0",
        "esm": "^3.2.25",
        "execa": "^7.2.0",
        "fake-tag": "^2.0.0",
        "filesize": "^10.1.0",
        "find-up": "^7.0.0",
        "formdata-node": "^6.0.3",
        "fs-extra": "^10.0.0",
        "globals": "^15.3.0",
        "https-proxy-agent": "^7.0.2",
        "husky": "^7.0.0",
        "json5": "^2.2.3",
        "jsonfile": "^6.0.1",
        "junit-report-builder": "3.1.0",
        "listr": "0.14.3",
        "listr-update-renderer": "^0.5.0",
        "meow": "^9.0.0",
        "mock-fs": "^5.1.2",
        "no-proxy": "^1.0.3",
        "node-ask": "^1.0.1",
        "node-fetch": "3.2.10",
        "npm-run-all": "^4.0.2",
        "observable": "^2.1.4",
        "os-browserify": "^0.3.0",
        "p-limit": "3.1.0",
        "picomatch": "2.2.2",
        "pkg-up": "^3.1.0",
        "pluralize": "^8.0.0",
        "prettier": "^3.2.5",
        "progress-stream": "^2.0.0",
        "prompts": "^2.4.2",
        "prop-types": "^15.7.2",
        "react": "^17.0.2",
        "react-dom": "^17.0.2",
        "read-package-up": "^11.0.0",
        "semver": "^7.3.5",
        "slash": "^3.0.0",
        "snyk-nodejs-lockfile-parser": "^1.58.18",
        "snyk-nodejs-plugin": "^1.4.3",
        "sort-package-json": "1.50.0",
        "storybook": "^8.1.5",
        "string-argv": "^0.3.1",
        "strip-ansi": "^7.1.0",
        "tmp-promise": "3.0.2",
        "ts-dedent": "^1.0.0",
        "ts-loader": "^9.2.5",
        "tsup": "^7.2.0",
        "typescript": "^5.2.2",
        "typescript-eslint": "^7.11.0",
        "util-deprecate": "^1.0.2",
        "uuid": "^8.3.2",
        "vite": "^4.4.9",
        "vitest": "^2.0.5",
        "why-is-node-running": "^2.1.2",
        "xxhash-wasm": "^1.0.2",
        "yarn-or-npm": "^3.0.1",
        "zen-observable": "^0.8.15",
        "zod": "^3.22.2"
      },
      "peerDependencies": {
        "@chromatic-com/cypress": "^0.*.* || ^1.0.0",
        "@chromatic-com/playwright": "^0.*.* || ^1.0.0"
      },
      "peerDependenciesMeta": {
        "@chromatic-com/cypress": {
          "optional": true
        },
        "@chromatic-com/playwright": {
          "optional": true
        }
      }
    },
    "../../node_modules/.pnpm/postcss@8.5.3/node_modules/postcss": {
      "version": "8.5.3",
      "dev": true,
      "funding": [
        {
          "type": "opencollective",
          "url": "https://opencollective.com/postcss/"
        },
        {
          "type": "tidelift",
          "url": "https://tidelift.com/funding/github/npm/postcss"
        },
        {
          "type": "github",
          "url": "https://github.com/sponsors/ai"
        }
      ],
      "license": "MIT",
      "dependencies": {
        "nanoid": "^3.3.8",
        "picocolors": "^1.1.1",
        "source-map-js": "^1.2.1"
      },
      "engines": {
        "node": "^10 || ^12 || >=14"
      }
    },
    "../../node_modules/.pnpm/react-dom@19.0.0_react@19.0.0/node_modules/react-dom": {
      "version": "19.0.0",
      "license": "MIT",
      "dependencies": {
        "scheduler": "^0.25.0"
      },
      "peerDependencies": {
        "react": "^19.0.0"
      }
    },
    "../../node_modules/.pnpm/react@19.0.0/node_modules/react": {
      "version": "19.0.0",
      "license": "MIT",
      "engines": {
        "node": ">=0.10.0"
      }
    },
    "../../node_modules/.pnpm/storybook@0.2.0/node_modules/storybook": {
      "version": "0.2.0",
      "dev": true,
      "hasInstallScript": true,
      "license": "MIT",
      "dependencies": {
        "@storybook/codemod": "^3.2.6",
        "chalk": "^2.1.0",
        "child-process-promise": "^2.2.1",
        "commander": "^2.11.0",
        "cross-spawn": "^5.0.1",
        "jscodeshift": "^0.3.30",
        "json5": "^0.5.1",
        "latest-version": "^3.1.0",
        "merge-dirs": "^0.2.1",
        "opencollective": "^1.0.3",
        "shelljs": "^0.7.8",
        "update-notifier": "^2.1.0"
      },
      "bin": {
        "storybook": "bin/generate.js"
      }
    },
    "../../node_modules/.pnpm/typescript@5.8.2/node_modules/typescript": {
      "version": "5.8.2",
      "dev": true,
      "license": "Apache-2.0",
      "bin": {
        "tsc": "bin/tsc",
        "tsserver": "bin/tsserver"
      },
      "devDependencies": {
        "@dprint/formatter": "^0.4.1",
        "@dprint/typescript": "0.93.3",
        "@esfx/canceltoken": "^1.0.0",
        "@eslint/js": "^9.17.0",
        "@octokit/rest": "^21.0.2",
        "@types/chai": "^4.3.20",
        "@types/diff": "^5.2.3",
        "@types/minimist": "^1.2.5",
        "@types/mocha": "^10.0.10",
        "@types/ms": "^0.7.34",
        "@types/node": "latest",
        "@types/source-map-support": "^0.5.10",
        "@types/which": "^3.0.4",
        "@typescript-eslint/rule-tester": "^8.18.1",
        "@typescript-eslint/type-utils": "^8.18.1",
        "@typescript-eslint/utils": "^8.18.1",
        "azure-devops-node-api": "^14.1.0",
        "c8": "^10.1.3",
        "chai": "^4.5.0",
        "chalk": "^4.1.2",
        "chokidar": "^3.6.0",
        "diff": "^5.2.0",
        "dprint": "^0.47.6",
        "esbuild": "^0.24.0",
        "eslint": "^9.17.0",
        "eslint-formatter-autolinkable-stylish": "^1.4.0",
        "eslint-plugin-regexp": "^2.7.0",
        "fast-xml-parser": "^4.5.1",
        "glob": "^10.4.5",
        "globals": "^15.13.0",
        "hereby": "^1.10.0",
        "jsonc-parser": "^3.3.1",
        "knip": "^5.41.0",
        "minimist": "^1.2.8",
        "mocha": "^10.8.2",
        "mocha-fivemat-progress-reporter": "^0.1.0",
        "monocart-coverage-reports": "^2.11.4",
        "ms": "^2.1.3",
        "playwright": "^1.49.1",
        "source-map-support": "^0.5.21",
        "tslib": "^2.8.1",
        "typescript": "^5.7.2",
        "typescript-eslint": "^8.18.1",
        "which": "^3.0.1"
      },
      "engines": {
        "node": ">=14.17"
      }
    },
    "../../node_modules/.pnpm/vite@6.2.1_@types+node@20.17.24_yaml@2.7.0/node_modules/vite": {
      "version": "6.2.1",
      "dev": true,
      "license": "MIT",
      "dependencies": {
        "esbuild": "^0.25.0",
        "postcss": "^8.5.3",
        "rollup": "^4.30.1"
      },
      "bin": {
        "vite": "bin/vite.js"
      },
      "devDependencies": {
        "@ampproject/remapping": "^2.3.0",
        "@babel/parser": "^7.26.9",
        "@jridgewell/trace-mapping": "^0.3.25",
        "@polka/compression": "^1.0.0-next.25",
        "@rollup/plugin-alias": "^5.1.1",
        "@rollup/plugin-commonjs": "^28.0.2",
        "@rollup/plugin-dynamic-import-vars": "2.1.4",
        "@rollup/plugin-json": "^6.1.0",
        "@rollup/plugin-node-resolve": "16.0.0",
        "@rollup/pluginutils": "^5.1.4",
        "@types/escape-html": "^1.0.4",
        "@types/pnpapi": "^0.0.5",
        "artichokie": "^0.3.1",
        "cac": "^6.7.14",
        "chokidar": "^3.6.0",
        "connect": "^3.7.0",
        "convert-source-map": "^2.0.0",
        "cors": "^2.8.5",
        "cross-spawn": "^7.0.6",
        "debug": "^4.4.0",
        "dep-types": "link:./src/types",
        "dotenv": "^16.4.7",
        "dotenv-expand": "^12.0.1",
        "es-module-lexer": "^1.6.0",
        "escape-html": "^1.0.3",
        "estree-walker": "^3.0.3",
        "etag": "^1.8.1",
        "http-proxy": "^1.18.1",
        "launch-editor-middleware": "^2.10.0",
        "lightningcss": "^1.29.1",
        "magic-string": "^0.30.17",
        "mlly": "^1.7.4",
        "mrmime": "^2.0.1",
        "nanoid": "^5.1.2",
        "open": "^10.1.0",
        "parse5": "^7.2.1",
        "pathe": "^2.0.3",
        "periscopic": "^4.0.2",
        "picocolors": "^1.1.1",
        "picomatch": "^4.0.2",
        "postcss-import": "^16.1.0",
        "postcss-load-config": "^6.0.1",
        "postcss-modules": "^6.0.1",
        "resolve.exports": "^2.0.3",
        "rollup-plugin-dts": "^6.1.1",
        "rollup-plugin-esbuild": "^6.2.1",
        "rollup-plugin-license": "^3.6.0",
        "sass": "^1.85.1",
        "sass-embedded": "^1.85.1",
        "sirv": "^3.0.1",
        "source-map-support": "^0.5.21",
        "strip-literal": "^3.0.0",
        "terser": "^5.39.0",
        "tinyglobby": "^0.2.12",
        "tsconfck": "^3.1.5",
        "tslib": "^2.8.1",
        "types": "link:./types",
        "ufo": "^1.5.4",
        "ws": "^8.18.1"
      },
      "engines": {
        "node": "^18.0.0 || ^20.0.0 || >=22.0.0"
      },
      "funding": {
        "url": "https://github.com/vitejs/vite?sponsor=1"
      },
      "optionalDependencies": {
        "fsevents": "~2.3.3"
      },
      "peerDependencies": {
        "@types/node": "^18.0.0 || ^20.0.0 || >=22.0.0",
        "jiti": ">=1.21.0",
        "less": "*",
        "lightningcss": "^1.21.0",
        "sass": "*",
        "sass-embedded": "*",
        "stylus": "*",
        "sugarss": "*",
        "terser": "^5.16.0",
        "tsx": "^4.8.1",
        "yaml": "^2.4.2"
      },
      "peerDependenciesMeta": {
        "@types/node": {
          "optional": true
        },
        "jiti": {
          "optional": true
        },
        "less": {
          "optional": true
        },
        "lightningcss": {
          "optional": true
        },
        "sass": {
          "optional": true
        },
        "sass-embedded": {
          "optional": true
        },
        "stylus": {
          "optional": true
        },
        "sugarss": {
          "optional": true
        },
        "terser": {
          "optional": true
        },
        "tsx": {
          "optional": true
        },
        "yaml": {
          "optional": true
        }
      }
    },
    "node_modules/@chromatic-com/storybook": {
      "resolved": "../../node_modules/.pnpm/@chromatic-com+storybook@3.2.5_react@19.0.0_storybook@0.2.0/node_modules/@chromatic-com/storybook",
      "link": true
    },
    "node_modules/@storybook/addon-actions": {
      "resolved": "../../node_modules/.pnpm/@storybook+addon-actions@8.6.4_storybook@0.2.0/node_modules/@storybook/addon-actions",
      "link": true
    },
    "node_modules/@storybook/addon-essentials": {
      "resolved": "../../node_modules/.pnpm/@storybook+addon-essentials@8.6.4_@types+react@19.0.10_storybook@0.2.0/node_modules/@storybook/addon-essentials",
      "link": true
    },
    "node_modules/@storybook/addon-interactions": {
      "resolved": "../../node_modules/.pnpm/@storybook+addon-interactions@8.6.4_storybook@0.2.0/node_modules/@storybook/addon-interactions",
      "link": true
    },
    "node_modules/@storybook/addon-links": {
      "resolved": "../../node_modules/.pnpm/@storybook+addon-links@8.6.4_react@19.0.0_storybook@0.2.0/node_modules/@storybook/addon-links",
      "link": true
    },
    "node_modules/@storybook/blocks": {
      "resolved": "../../node_modules/.pnpm/@storybook+blocks@8.6.4_react-dom@19.0.0_react@19.0.0__react@19.0.0_storybook@0.2.0/node_modules/@storybook/blocks",
      "link": true
    },
    "node_modules/@storybook/core-common": {
      "resolved": "../../node_modules/.pnpm/@storybook+core-common@8.6.4_storybook@0.2.0/node_modules/@storybook/core-common",
      "link": true
    },
    "node_modules/@storybook/manager-api": {
      "resolved": "../../node_modules/.pnpm/@storybook+manager-api@8.6.4_storybook@0.2.0/node_modules/@storybook/manager-api",
      "link": true
    },
    "node_modules/@storybook/preview-api": {
      "resolved": "../../node_modules/.pnpm/@storybook+preview-api@8.6.4_storybook@0.2.0/node_modules/@storybook/preview-api",
      "link": true
    },
    "node_modules/@storybook/react": {
      "resolved": "../../node_modules/.pnpm/@storybook+react@8.6.4_@storybook+test@8.6.4_storybook@0.2.0__react-dom@19.0.0_react@19.0.0___dg7vlklvaftpo55gwf64kts5di/node_modules/@storybook/react",
      "link": true
    },
    "node_modules/@storybook/react-vite": {
      "resolved": "../../node_modules/.pnpm/@storybook+react-vite@8.6.4_@storybook+test@8.6.4_storybook@0.2.0__react-dom@19.0.0_react@19._refgrbecaczdsoxafzqoewfpdq/node_modules/@storybook/react-vite",
      "link": true
    },
    "node_modules/@storybook/theming": {
      "resolved": "../../node_modules/.pnpm/@storybook+theming@8.6.4_storybook@0.2.0/node_modules/@storybook/theming",
      "link": true
    },
    "node_modules/@types/node": {
      "resolved": "../../node_modules/.pnpm/@types+node@20.17.24/node_modules/@types/node",
      "link": true
    },
    "node_modules/@types/react": {
      "resolved": "../../node_modules/.pnpm/@types+react@19.0.10/node_modules/@types/react",
      "link": true
    },
    "node_modules/@types/react-dom": {
      "resolved": "../../node_modules/.pnpm/@types+react-dom@19.0.4_@types+react@19.0.10/node_modules/@types/react-dom",
      "link": true
    },
    "node_modules/@vitejs/plugin-react-swc": {
      "resolved": "../../node_modules/.pnpm/@vitejs+plugin-react-swc@3.8.0_@swc+helpers@0.5.15_vite@6.2.1_@types+node@20.17.24_yaml@2.7.0_/node_modules/@vitejs/plugin-react-swc",
      "link": true
    },
    "node_modules/chromatic": {
      "resolved": "../../node_modules/.pnpm/chromatic@11.27.0/node_modules/chromatic",
      "link": true
    },
    "node_modules/postcss": {
      "resolved": "../../node_modules/.pnpm/postcss@8.5.3/node_modules/postcss",
      "link": true
    },
    "node_modules/react": {
      "resolved": "../../node_modules/.pnpm/react@19.0.0/node_modules/react",
      "link": true
    },
    "node_modules/react-dom": {
      "resolved": "../../node_modules/.pnpm/react-dom@19.0.0_react@19.0.0/node_modules/react-dom",
      "link": true
    },
    "node_modules/storybook": {
      "resolved": "../../node_modules/.pnpm/storybook@0.2.0/node_modules/storybook",
      "link": true
    },
    "node_modules/typescript": {
      "resolved": "../../node_modules/.pnpm/typescript@5.8.2/node_modules/typescript",
      "link": true
    },
    "node_modules/vite": {
      "resolved": "../../node_modules/.pnpm/vite@6.2.1_@types+node@20.17.24_yaml@2.7.0/node_modules/vite",
      "link": true
    }
  }
}
